
Microsoft Visual Studio Solution File, Format Version 12.00
# Visual Studio Version 16
VisualStudioVersion = 16.0.30804.86
MinimumVisualStudioVersion = 10.0.40219.1
Project("{9A19103F-16F7-4668-BE54-9A1E7A4F7556}") = "Entities", "Entities\Entities.csproj", "{32F5CA51-8288-409E-8070-D71335ABDFED}"
EndProject
Project("{9A19103F-16F7-4668-BE54-9A1E7A4F7556}") = "Business", "Business\Business.csproj", "{DC289434-C845-42D5-9AE2-D077D79A4303}"
EndProject
Project("{9A19103F-16F7-4668-BE54-9A1E7A4F7556}") = "DataAccess", "DataAccess\DataAccess.csproj", "{923094B5-2126-4AC6-A7B4-08972AA6EEF1}"
EndProject
Project("{9A19103F-16F7-4668-BE54-9A1E7A4F7556}") = "ConsoleApp", "ConsoleApp\ConsoleApp.csproj", "{33DC135C-AADA-4490-BE94-09DFFF0FF6F2}"
EndProject
Project("{9A19103F-16F7-4668-BE54-9A1E7A4F7556}") = "Core", "Core\Core.csproj", "{5C5AFA54-2496-4A72-80B3-A7094DAE2D19}"
EndProject
Project("{FAE04EC0-301F-11D3-BF4B-00C04F79EFBC}") = "WebAPI", "WebAPI\WebAPI.csproj", "{3393E51B-2197-432D-B81A-1A10EC1529E7}"
EndProject
Global
	GlobalSection(SolutionConfigurationPlatforms) = preSolution
		Debug|Any CPU = Debug|Any CPU
		Release|Any CPU = Release|Any CPU
	EndGlobalSection
	GlobalSection(ProjectConfigurationPlatforms) = postSolution
		{32F5CA51-8288-409E-8070-D71335ABDFED}.Debug|Any CPU.ActiveCfg = Debug|Any CPU
		{32F5CA51-8288-409E-8070-D71335ABDFED}.Debug|Any CPU.Build.0 = Debug|Any CPU
		{32F5CA51-8288-409E-8070-D71335ABDFED}.Release|Any CPU.ActiveCfg = Release|Any CPU
		{32F5CA51-8288-409E-8070-D71335ABDFED}.Release|Any CPU.Build.0 = Release|Any CPU
		{DC289434-C845-42D5-9AE2-D077D79A4303}.Debug|Any CPU.ActiveCfg = Debug|Any CPU
		{DC289434-C845-42D5-9AE2-D077D79A4303}.Debug|Any CPU.Build.0 = Debug|Any CPU
		{DC289434-C845-42D5-9AE2-D077D79A4303}.Release|Any CPU.ActiveCfg = Release|Any CPU
		{DC289434-C845-42D5-9AE2-D077D79A4303}.Release|Any CPU.Build.0 = Release|Any CPU
		{923094B5-2126-4AC6-A7B4-08972AA6EEF1}.Debug|Any CPU.ActiveCfg = Debug|Any CPU
		{923094B5-2126-4AC6-A7B4-08972AA6EEF1}.Debug|Any CPU.Build.0 = Debug|Any CPU
		{923094B5-2126-4AC6-A7B4-08972AA6EEF1}.Release|Any CPU.ActiveCfg = Release|Any CPU
		{923094B5-2126-4AC6-A7B4-08972AA6EEF1}.Release|Any CPU.Build.0 = Release|Any CPU
		{33DC135C-AADA-4490-BE94-09DFFF0FF6F2}.Debug|Any CPU.ActiveCfg = Debug|Any CPU
		{33DC135C-AADA-4490-BE94-09DFFF0FF6F2}.Debug|Any CPU.Build.0 = Debug|Any CPU
		{33DC135C-AADA-4490-BE94-09DFFF0FF6F2}.Release|Any CPU.ActiveCfg = Release|Any CPU
		{33DC135C-AADA-4490-BE94-09DFFF0FF6F2}.Release|Any CPU.Build.0 = Release|Any CPU
		{5C5AFA54-2496-4A72-80B3-A7094DAE2D19}.Debug|Any CPU.ActiveCfg = Debug|Any CPU
		{5C5AFA54-2496-4A72-80B3-A7094DAE2D19}.Debug|Any CPU.Build.0 = Debug|Any CPU
		{5C5AFA54-2496-4A72-80B3-A7094DAE2D19}.Release|Any CPU.ActiveCfg = Release|Any CPU
		{5C5AFA54-2496-4A72-80B3-A7094DAE2D19}.Release|Any CPU.Build.0 = Release|Any CPU
		{3393E51B-2197-432D-B81A-1A10EC1529E7}.Debug|Any CPU.ActiveCfg = Debug|Any CPU
		{3393E51B-2197-432D-B81A-1A10EC1529E7}.Debug|Any CPU.Build.0 = Debug|Any CPU
		{3393E51B-2197-432D-B81A-1A10EC1529E7}.Release|Any CPU.ActiveCfg = Release|Any CPU
		{3393E51B-2197-432D-B81A-1A10EC1529E7}.Release|Any CPU.Build.0 = Release|Any CPU
	EndGlobalSection
	GlobalSection(SolutionProperties) = preSolution
		HideSolutionNode = FALSE
	EndGlobalSection
	GlobalSection(ExtensibilityGlobals) = postSolution
		SolutionGuid = {32F13AE4-21E2-4E84-BCDB-5B92D11EE78E}
	EndGlobalSection
EndGlobal
